
Microsoft Visual Studio Solution File, Format Version 12.00
# Visual Studio Version 16
VisualStudioVersion = 16.0.31911.196
MinimumVisualStudioVersion = 10.0.40219.1
Project("{FAE04EC0-301F-11D3-BF4B-00C04F79EFBC}") = "Zoo Manager", "Zoo Manager.csproj", "{BA199799-BAC1-4093-999C-B973664D3439}"
EndProject
Global
	GlobalSection(SolutionConfigurationPlatforms) = preSolution
		Debug|Any CPU = Debug|Any CPU
		Release|Any CPU = Release|Any CPU
	EndGlobalSection
	GlobalSection(ProjectConfigurationPlatforms) = postSolution
		{BA199799-BAC1-4093-999C-B973664D3439}.Debug|Any CPU.ActiveCfg = Debug|Any CPU
		{BA199799-BAC1-4093-999C-B973664D3439}.Debug|Any CPU.Build.0 = Debug|Any CPU
		{BA199799-BAC1-4093-999C-B973664D3439}.Release|Any CPU.ActiveCfg = Release|Any CPU
		{BA199799-BAC1-4093-999C-B973664D3439}.Release|Any CPU.Build.0 = Release|Any CPU
	EndGlobalSection
	GlobalSection(SolutionProperties) = preSolution
		HideSolutionNode = FALSE
	EndGlobalSection
	GlobalSection(ExtensibilityGlobals) = postSolution
		SolutionGuid = {6B128251-EB4F-4798-BB0C-F24262F31F9F}
	EndGlobalSection
EndGlobal
